
Microsoft Visual Studio Solution File, Format Version 12.00
# Visual Studio Version 16
VisualStudioVersion = 16.0.29503.13
MinimumVisualStudioVersion = 10.0.40219.1
Project("{535C04D7-A2A5-47C7-83E0-B340A995CD1F}") = "COBCJF04", "COBCJF04.cblproj", "{024F2E61-2301-4AEA-9BC3-B72F5D0A3757}"
EndProject
Global
	GlobalSection(SolutionConfigurationPlatforms) = preSolution
		Debug|x86 = Debug|x86
		Release|x86 = Release|x86
	EndGlobalSection
	GlobalSection(ProjectConfigurationPlatforms) = postSolution
		{024F2E61-2301-4AEA-9BC3-B72F5D0A3757}.Debug|x86.ActiveCfg = Debug|x86
		{024F2E61-2301-4AEA-9BC3-B72F5D0A3757}.Debug|x86.Build.0 = Debug|x86
		{024F2E61-2301-4AEA-9BC3-B72F5D0A3757}.Release|x86.ActiveCfg = Release|x86
		{024F2E61-2301-4AEA-9BC3-B72F5D0A3757}.Release|x86.Build.0 = Release|x86
	EndGlobalSection
	GlobalSection(SolutionProperties) = preSolution
		HideSolutionNode = FALSE
	EndGlobalSection
	GlobalSection(ExtensibilityGlobals) = postSolution
		SolutionGuid = {5C9A04F3-014D-4706-AEAE-36DD2BB5496A}
	EndGlobalSection
EndGlobal
