
Microsoft Visual Studio Solution File, Format Version 12.00
# Visual Studio Version 16
VisualStudioVersion = 16.0.30413.136
MinimumVisualStudioVersion = 10.0.40219.1
Project("{FAE04EC0-301F-11D3-BF4B-00C04F79EFBC}") = "CheapLoansWPF2", "CheapLoansWPF2.csproj", "{377D704C-4F62-4ABB-8D61-C05C7D6A0F04}"
EndProject
Global
	GlobalSection(SolutionConfigurationPlatforms) = preSolution
		Debug|Any CPU = Debug|Any CPU
		Release|Any CPU = Release|Any CPU
	EndGlobalSection
	GlobalSection(ProjectConfigurationPlatforms) = postSolution
		{377D704C-4F62-4ABB-8D61-C05C7D6A0F04}.Debug|Any CPU.ActiveCfg = Debug|Any CPU
		{377D704C-4F62-4ABB-8D61-C05C7D6A0F04}.Debug|Any CPU.Build.0 = Debug|Any CPU
		{377D704C-4F62-4ABB-8D61-C05C7D6A0F04}.Release|Any CPU.ActiveCfg = Release|Any CPU
		{377D704C-4F62-4ABB-8D61-C05C7D6A0F04}.Release|Any CPU.Build.0 = Release|Any CPU
	EndGlobalSection
	GlobalSection(SolutionProperties) = preSolution
		HideSolutionNode = FALSE
	EndGlobalSection
	GlobalSection(ExtensibilityGlobals) = postSolution
		SolutionGuid = {A715F97C-EF45-4A5A-9761-01298B4DB411}
	EndGlobalSection
EndGlobal
