
Microsoft Visual Studio Solution File, Format Version 12.00
# Visual Studio Version 16
VisualStudioVersion = 16.0.30413.136
MinimumVisualStudioVersion = 10.0.40219.1
Project("{FAE04EC0-301F-11D3-BF4B-00C04F79EFBC}") = "CheapLoans2", "CheapLoans2.csproj", "{CFA16E3B-0877-43C1-A542-8810868C2758}"
EndProject
Global
	GlobalSection(SolutionConfigurationPlatforms) = preSolution
		Debug|Any CPU = Debug|Any CPU
		Release|Any CPU = Release|Any CPU
	EndGlobalSection
	GlobalSection(ProjectConfigurationPlatforms) = postSolution
		{CFA16E3B-0877-43C1-A542-8810868C2758}.Debug|Any CPU.ActiveCfg = Debug|Any CPU
		{CFA16E3B-0877-43C1-A542-8810868C2758}.Debug|Any CPU.Build.0 = Debug|Any CPU
		{CFA16E3B-0877-43C1-A542-8810868C2758}.Release|Any CPU.ActiveCfg = Release|Any CPU
		{CFA16E3B-0877-43C1-A542-8810868C2758}.Release|Any CPU.Build.0 = Release|Any CPU
	EndGlobalSection
	GlobalSection(SolutionProperties) = preSolution
		HideSolutionNode = FALSE
	EndGlobalSection
	GlobalSection(ExtensibilityGlobals) = postSolution
		SolutionGuid = {254F0DDD-C11D-4824-A94D-936D80DED370}
	EndGlobalSection
EndGlobal
